{
    "_readme": [
        "This file locks the dependencies of your project to a known state",
        "Read more about it at https://getcomposer.org/doc/01-basic-usage.md#installing-dependencies",
        "This file is @generated automatically"
    ],
    "content-hash": "d7419f9251b4a3417e10268dc1fdec61",
    "packages": [
        {
            "name": "afragen/handbook-callout-blocks",
            "version": "1.0.3",
            "source": {
                "type": "git",
                "url": "https://github.com/afragen/handbook-callout-blocks.git",
                "reference": "c25bd5851e3b8b4d41f689ac372affae30d65e03"
            },
            "dist": {
                "type": "zip",
                "url": "https://api.github.com/repos/afragen/handbook-callout-blocks/zipball/c25bd5851e3b8b4d41f689ac372affae30d65e03",
                "reference": "c25bd5851e3b8b4d41f689ac372affae30d65e03",
                "shasum": ""
            },
            "require": {
                "php": ">=7.4"
            },
            "require-dev": {
                "wp-coding-standards/wpcs": "^3.0.0"
            },
            "type": "wordpress-plugin",
            "scripts": {
                "make-pot": [
                    "wp i18n make-pot . languages/handbook-callout-blocks.pot"
                ],
                "wpcs": [
                    "vendor/bin/phpcbf .; vendor/bin/phpcs ."
                ]
            },
            "license": [
                "GPL-2.0-or-later"
            ],
            "authors": [
                {
                    "name": "Andy Fragen",
                    "email": "andy@thefragens.com",
                    "homepage": "https://thefragens.com",
                    "role": "Developer"
                }
            ],
            "description": "WP.org Handbook Callout blocks adapted from the WP.org Handbook plugin for use in posts and pages.",
            "keywords": [
                "block",
                "callout"
            ],
            "support": {
                "issues": "https://github.com/afragen/handbook-callout-blocks/issues",
                "source": "https://github.com/afragen/handbook-callout-blocks"
            },
            "time": "2025-07-18T18:47:22+00:00"
        },
        {
            "name": "composer/installers",
            "version": "v1.12.0",
            "source": {
                "type": "git",
                "url": "https://github.com/composer/installers.git",
                "reference": "d20a64ed3c94748397ff5973488761b22f6d3f19"
            },
            "dist": {
                "type": "zip",
                "url": "https://api.github.com/repos/composer/installers/zipball/d20a64ed3c94748397ff5973488761b22f6d3f19",
                "reference": "d20a64ed3c94748397ff5973488761b22f6d3f19",
                "shasum": ""
            },
            "require": {
                "composer-plugin-api": "^1.0 || ^2.0"
            },
            "replace": {
                "roundcube/plugin-installer": "*",
                "shama/baton": "*"
            },
            "require-dev": {
                "composer/composer": "1.6.* || ^2.0",
                "composer/semver": "^1 || ^3",
                "phpstan/phpstan": "^0.12.55",
                "phpstan/phpstan-phpunit": "^0.12.16",
                "symfony/phpunit-bridge": "^4.2 || ^5",
                "symfony/process": "^2.3"
            },
            "type": "composer-plugin",
            "extra": {
                "class": "Composer\\Installers\\Plugin",
                "branch-alias": {
                    "dev-main": "1.x-dev"
                }
            },
            "autoload": {
                "psr-4": {
                    "Composer\\Installers\\": "src/Composer/Installers"
                }
            },
            "notification-url": "https://packagist.org/downloads/",
            "license": [
                "MIT"
            ],
            "authors": [
                {
                    "name": "Kyle Robinson Young",
                    "email": "kyle@dontkry.com",
                    "homepage": "https://github.com/shama"
                }
            ],
            "description": "A multi-framework Composer library installer",
            "homepage": "https://composer.github.io/installers/",
            "keywords": [
                "Craft",
                "Dolibarr",
                "Eliasis",
                "Hurad",
                "ImageCMS",
                "Kanboard",
                "Lan Management System",
                "MODX Evo",
                "MantisBT",
                "Mautic",
                "Maya",
                "OXID",
                "Plentymarkets",
                "Porto",
                "RadPHP",
                "SMF",
                "Starbug",
                "Thelia",
                "Whmcs",
                "WolfCMS",
                "agl",
                "aimeos",
                "annotatecms",
                "attogram",
                "bitrix",
                "cakephp",
                "chef",
                "cockpit",
                "codeigniter",
                "concrete5",
                "croogo",
                "dokuwiki",
                "drupal",
                "eZ Platform",
                "elgg",
                "expressionengine",
                "fuelphp",
                "grav",
                "installer",
                "itop",
                "joomla",
                "known",
                "kohana",
                "laravel",
                "lavalite",
                "lithium",
                "magento",
                "majima",
                "mako",
                "mediawiki",
                "miaoxing",
                "modulework",
                "modx",
                "moodle",
                "osclass",
                "pantheon",
                "phpbb",
                "piwik",
                "ppi",
                "processwire",
                "puppet",
                "pxcms",
                "reindex",
                "roundcube",
                "shopware",
                "silverstripe",
                "sydes",
                "sylius",
                "symfony",
                "tastyigniter",
                "typo3",
                "wordpress",
                "yawik",
                "zend",
                "zikula"
            ],
            "support": {
                "issues": "https://github.com/composer/installers/issues",
                "source": "https://github.com/composer/installers/tree/v1.12.0"
            },
            "funding": [
                {
                    "url": "https://packagist.com",
                    "type": "custom"
                },
                {
                    "url": "https://github.com/composer",
                    "type": "github"
                },
                {
                    "url": "https://tidelift.com/funding/github/packagist/composer/composer",
                    "type": "tidelift"
                }
            ],
            "time": "2021-09-13T08:19:44+00:00"
        },
        {
            "name": "wpelevator/update-pilot",
            "version": "0.5.2",
            "source": {
                "type": "git",
                "url": "https://github.com/wpelevator/update-pilot.git",
                "reference": "c54f225bc5b00478692976d9ab5a9c4b09020852"
            },
            "dist": {
                "type": "zip",
                "url": "https://api.github.com/repos/wpelevator/update-pilot/zipball/c54f225bc5b00478692976d9ab5a9c4b09020852",
                "reference": "c54f225bc5b00478692976d9ab5a9c4b09020852",
                "shasum": ""
            },
            "require": {
                "composer/installers": "~1.0"
            },
            "type": "wordpress-plugin",
            "extra": {
                "branch-alias": {
                    "dev-main": "0.1.x-dev"
                }
            },
            "autoload": {
                "classmap": [
                    "php/"
                ]
            },
            "description": "Update Pilot for WordPress",
            "support": {
                "source": "https://github.com/wpelevator/update-pilot/tree/0.5.2"
            },
            "time": "2025-12-12T22:34:44+00:00"
        }
    ],
    "packages-dev": [
        {
            "name": "roots/wordpress-core-installer",
            "version": "v4.0.0",
            "source": {
                "type": "git",
                "url": "https://github.com/roots/wordpress-core-installer.git",
                "reference": "85d3589252eb93eee836facf33b54ce30c565bea"
            },
            "dist": {
                "type": "zip",
                "url": "https://api.github.com/repos/roots/wordpress-core-installer/zipball/85d3589252eb93eee836facf33b54ce30c565bea",
                "reference": "85d3589252eb93eee836facf33b54ce30c565bea",
                "shasum": ""
            },
            "require": {
                "composer-plugin-api": "^2.0",
                "php": ">=7.2.24"
            },
            "conflict": {
                "composer/installers": "<1.0.6"
            },
            "replace": {
                "johnpbloch/wordpress-core-installer": "*"
            },
            "require-dev": {
                "composer/composer": "^2.0",
                "phpunit/phpunit": "^8.5"
            },
            "type": "composer-plugin",
            "extra": {
                "class": "Roots\\Composer\\WordPressCorePlugin"
            },
            "autoload": {
                "psr-4": {
                    "Roots\\Composer\\": "src/"
                }
            },
            "notification-url": "https://packagist.org/downloads/",
            "license": [
                "GPL-2.0-or-later"
            ],
            "authors": [
                {
                    "name": "John P. Bloch",
                    "email": "me@johnpbloch.com"
                },
                {
                    "name": "Roots",
                    "email": "team@roots.io"
                }
            ],
            "description": "A Composer custom installer to handle installing WordPress as a dependency",
            "keywords": [
                "wordpress"
            ],
            "support": {
                "issues": "https://github.com/roots/wordpress-core-installer/issues",
                "source": "https://github.com/roots/wordpress-core-installer/tree/v4.0.0"
            },
            "funding": [
                {
                    "url": "https://github.com/roots",
                    "type": "github"
                }
            ],
            "time": "2026-03-22T03:17:23+00:00"
        },
        {
            "name": "roots/wordpress-full",
            "version": "7.0",
            "source": {
                "type": "git",
                "url": "https://github.com/WordPress/WordPress.git",
                "reference": "7.0"
            },
            "dist": {
                "type": "zip",
                "url": "https://downloads.w.org/release/wordpress-7.0.zip",
                "reference": "7.0",
                "shasum": "6708d4e20f22e997196689751a4309497cfc58df"
            },
            "require": {
                "php": ">= 7.4"
            },
            "provide": {
                "wordpress/core-implementation": "7.0"
            },
            "suggest": {
                "ext-curl": "Performs remote request operations.",
                "ext-dom": "Used to validate Text Widget content and to automatically configuring IIS7+.",
                "ext-exif": "Works with metadata stored in images.",
                "ext-fileinfo": "Used to detect mimetype of file uploads.",
                "ext-hash": "Used for hashing, including passwords and update packages.",
                "ext-imagick": "Provides better image quality for media uploads.",
                "ext-json": "Used for communications with other servers.",
                "ext-libsodium": "Validates Signatures and provides securely random bytes.",
                "ext-mbstring": "Used to properly handle UTF8 text.",
                "ext-mysqli": "Connects to MySQL for database interactions.",
                "ext-openssl": "Permits SSL-based connections to other hosts.",
                "ext-pcre": "Increases performance of pattern matching in code searches.",
                "ext-xml": "Used for XML parsing, such as from a third-party site.",
                "ext-zip": "Used for decompressing Plugins, Themes, and WordPress update packages."
            },
            "type": "wordpress-core",
            "notification-url": "https://packagist.org/downloads/",
            "license": [
                "GPL-2.0-or-later"
            ],
            "authors": [
                {
                    "name": "WordPress Community",
                    "homepage": "https://wordpress.org/about/"
                }
            ],
            "description": "WordPress is open source software you can use to create a beautiful website, blog, or app.",
            "homepage": "https://wordpress.org/",
            "keywords": [
                "blog",
                "cms",
                "wordpress"
            ],
            "support": {
                "docs": "https://developer.wordpress.org/",
                "forum": "https://wordpress.org/support/",
                "irc": "irc://irc.freenode.net/wordpress",
                "issues": "https://core.trac.wordpress.org/",
                "rss": "https://wordpress.org/news/feed/",
                "source": "https://core.trac.wordpress.org/browser",
                "wiki": "https://codex.wordpress.org/"
            },
            "funding": [
                {
                    "url": "https://wordpressfoundation.org/donate/",
                    "type": "other"
                }
            ],
            "time": "2026-05-20T18:34:27+00:00"
        }
    ],
    "aliases": [],
    "minimum-stability": "alpha",
    "stability-flags": {},
    "prefer-stable": true,
    "prefer-lowest": false,
    "platform": {},
    "platform-dev": {},
    "platform-overrides": {
        "php": "8.0"
    },
    "plugin-api-version": "2.9.0"
}
